Microsoft Visual Studio Solution File, Format Version 12.00
# Visual Studio Version 17
VisualStudioVersion = 17.5.2.0
MinimumVisualStudioVersion = 10.0.40219.1
Project("{FAE04EC0-301F-11D3-BF4B-00C04F79EFBC}") = "TravelCalculator", "TravelCalculator.csproj", "{87F93BF4-9A99-7ACF-19AE-9A8E48C704A8}"
EndProject
Global
	GlobalSection(SolutionConfigurationPlatforms) = preSolution
		Debug|Any CPU = Debug|Any CPU
		Release|Any CPU = Release|Any CPU
	EndGlobalSection
	GlobalSection(ProjectConfigurationPlatforms) = postSolution
		{87F93BF4-9A99-7ACF-19AE-9A8E48C704A8}.Debug|Any CPU.ActiveCfg = Debug|Any CPU
		{87F93BF4-9A99-7ACF-19AE-9A8E48C704A8}.Debug|Any CPU.Build.0 = Debug|Any CPU
		{87F93BF4-9A99-7ACF-19AE-9A8E48C704A8}.Release|Any CPU.ActiveCfg = Release|Any CPU
		{87F93BF4-9A99-7ACF-19AE-9A8E48C704A8}.Release|Any CPU.Build.0 = Release|Any CPU
	EndGlobalSection
	GlobalSection(SolutionProperties) = preSolution
		HideSolutionNode = FALSE
	EndGlobalSection
	GlobalSection(ExtensibilityGlobals) = postSolution
		SolutionGuid = {D2EB7F92-E993-4C5F-98AA-3E18471A13E8}
	EndGlobalSection
EndGlobal
