Microsoft Visual Studio Solution File, Format Version 12.00
# Visual Studio Version 17
VisualStudioVersion = 17.5.2.0
MinimumVisualStudioVersion = 10.0.40219.1
Project("{FAE04EC0-301F-11D3-BF4B-00C04F79EFBC}") = "Employee", "Employee.csproj", "{DCBC79CB-B3FF-A402-2867-D7104F712C55}"
EndProject
Global
	GlobalSection(SolutionConfigurationPlatforms) = preSolution
		Debug|Any CPU = Debug|Any CPU
		Release|Any CPU = Release|Any CPU
	EndGlobalSection
	GlobalSection(ProjectConfigurationPlatforms) = postSolution
		{DCBC79CB-B3FF-A402-2867-D7104F712C55}.Debug|Any CPU.ActiveCfg = Debug|Any CPU
		{DCBC79CB-B3FF-A402-2867-D7104F712C55}.Debug|Any CPU.Build.0 = Debug|Any CPU
		{DCBC79CB-B3FF-A402-2867-D7104F712C55}.Release|Any CPU.ActiveCfg = Release|Any CPU
		{DCBC79CB-B3FF-A402-2867-D7104F712C55}.Release|Any CPU.Build.0 = Release|Any CPU
	EndGlobalSection
	GlobalSection(SolutionProperties) = preSolution
		HideSolutionNode = FALSE
	EndGlobalSection
	GlobalSection(ExtensibilityGlobals) = postSolution
		SolutionGuid = {F19BF570-7194-4C16-8F89-E685BC69E9F1}
	EndGlobalSection
EndGlobal
