Microsoft Visual Studio Solution File, Format Version 12.00
# Visual Studio Version 17
VisualStudioVersion = 17.5.2.0
MinimumVisualStudioVersion = 10.0.40219.1
Project("{FAE04EC0-301F-11D3-BF4B-00C04F79EFBC}") = "Repitition", "Repitition\Repitition.csproj", "{B326E3A0-D2C2-86B2-FDD9-6E19A51B1D34}"
EndProject
Global
	GlobalSection(SolutionConfigurationPlatforms) = preSolution
		Debug|Any CPU = Debug|Any CPU
		Release|Any CPU = Release|Any CPU
	EndGlobalSection
	GlobalSection(ProjectConfigurationPlatforms) = postSolution
		{B326E3A0-D2C2-86B2-FDD9-6E19A51B1D34}.Debug|Any CPU.ActiveCfg = Debug|Any CPU
		{B326E3A0-D2C2-86B2-FDD9-6E19A51B1D34}.Debug|Any CPU.Build.0 = Debug|Any CPU
		{B326E3A0-D2C2-86B2-FDD9-6E19A51B1D34}.Release|Any CPU.ActiveCfg = Release|Any CPU
		{B326E3A0-D2C2-86B2-FDD9-6E19A51B1D34}.Release|Any CPU.Build.0 = Release|Any CPU
	EndGlobalSection
	GlobalSection(SolutionProperties) = preSolution
		HideSolutionNode = FALSE
	EndGlobalSection
	GlobalSection(ExtensibilityGlobals) = postSolution
		SolutionGuid = {B32BD55A-382B-4089-BE5E-374C3764628C}
	EndGlobalSection
EndGlobal
