Microsoft Visual Studio Solution File, Format Version 12.00
# Visual Studio Version 17
VisualStudioVersion = 17.5.2.0
MinimumVisualStudioVersion = 10.0.40219.1
Project("{FAE04EC0-301F-11D3-BF4B-00C04F79EFBC}") = "BankingProgram", "BankingProgram.csproj", "{8D7D22C4-B959-87DA-2592-36DD4010F72C}"
EndProject
Global
	GlobalSection(SolutionConfigurationPlatforms) = preSolution
		Debug|Any CPU = Debug|Any CPU
		Release|Any CPU = Release|Any CPU
	EndGlobalSection
	GlobalSection(ProjectConfigurationPlatforms) = postSolution
		{8D7D22C4-B959-87DA-2592-36DD4010F72C}.Debug|Any CPU.ActiveCfg = Debug|Any CPU
		{8D7D22C4-B959-87DA-2592-36DD4010F72C}.Debug|Any CPU.Build.0 = Debug|Any CPU
		{8D7D22C4-B959-87DA-2592-36DD4010F72C}.Release|Any CPU.ActiveCfg = Release|Any CPU
		{8D7D22C4-B959-87DA-2592-36DD4010F72C}.Release|Any CPU.Build.0 = Release|Any CPU
	EndGlobalSection
	GlobalSection(SolutionProperties) = preSolution
		HideSolutionNode = FALSE
	EndGlobalSection
	GlobalSection(ExtensibilityGlobals) = postSolution
		SolutionGuid = {C730EBF8-6964-45CF-948A-E9029DE93A3A}
	EndGlobalSection
EndGlobal
